
Microsoft Visual Studio Solution File, Format Version 12.00
# Visual Studio Version 16
VisualStudioVersion = 16.0.30523.141
MinimumVisualStudioVersion = 10.0.40219.1
Project("{FAE04EC0-301F-11D3-BF4B-00C04F79EFBC}") = "Shoes store", "Shoes store\Shoes store.csproj", "{E41AADE9-B51C-4317-B26E-3084362129A2}"
EndProject
Global
	GlobalSection(SolutionConfigurationPlatforms) = preSolution
		Debug|Any CPU = Debug|Any CPU
		Release|Any CPU = Release|Any CPU
	EndGlobalSection
	GlobalSection(ProjectConfigurationPlatforms) = postSolution
		{E41AADE9-B51C-4317-B26E-3084362129A2}.Debug|Any CPU.ActiveCfg = Debug|Any CPU
		{E41AADE9-B51C-4317-B26E-3084362129A2}.Debug|Any CPU.Build.0 = Debug|Any CPU
		{E41AADE9-B51C-4317-B26E-3084362129A2}.Release|Any CPU.ActiveCfg = Release|Any CPU
		{E41AADE9-B51C-4317-B26E-3084362129A2}.Release|Any CPU.Build.0 = Release|Any CPU
	EndGlobalSection
	GlobalSection(SolutionProperties) = preSolution
		HideSolutionNode = FALSE
	EndGlobalSection
	GlobalSection(ExtensibilityGlobals) = postSolution
		SolutionGuid = {2F184A3F-E914-4729-95C9-3CA080749D07}
	EndGlobalSection
EndGlobal
